
Microsoft Visual Studio Solution File, Format Version 12.00
# Visual Studio Version 16
VisualStudioVersion = 16.0.29215.179
MinimumVisualStudioVersion = 10.0.40219.1
Project("{FAE04EC0-301F-11D3-BF4B-00C04F79EFBC}") = "Currency Converter", "Currency Converter\Currency Converter.csproj", "{8678DFFA-FC06-4B1C-A202-15582C71957C}"
EndProject
Global
	GlobalSection(SolutionConfigurationPlatforms) = preSolution
		Debug|Any CPU = Debug|Any CPU
		Release|Any CPU = Release|Any CPU
	EndGlobalSection
	GlobalSection(ProjectConfigurationPlatforms) = postSolution
		{8678DFFA-FC06-4B1C-A202-15582C71957C}.Debug|Any CPU.ActiveCfg = Debug|Any CPU
		{8678DFFA-FC06-4B1C-A202-15582C71957C}.Debug|Any CPU.Build.0 = Debug|Any CPU
		{8678DFFA-FC06-4B1C-A202-15582C71957C}.Release|Any CPU.ActiveCfg = Release|Any CPU
		{8678DFFA-FC06-4B1C-A202-15582C71957C}.Release|Any CPU.Build.0 = Release|Any CPU
	EndGlobalSection
	GlobalSection(SolutionProperties) = preSolution
		HideSolutionNode = FALSE
	EndGlobalSection
	GlobalSection(ExtensibilityGlobals) = postSolution
		SolutionGuid = {14F53429-3B54-48FE-BD08-9FD8142D9494}
	EndGlobalSection
EndGlobal
